
Microsoft Visual Studio Solution File, Format Version 12.00
# Visual Studio Express 2012 for Web
Project("{F184B08F-C81C-45F6-A57F-5ABD9991F28F}") = "visualstudiodev", "visualstudiodev\visualstudiodev.vbproj", "{874C689B-A27F-4A07-9F8F-B2B2B7D9D7B5}"
EndProject
Project("{F184B08F-C81C-45F6-A57F-5ABD9991F28F}") = "visualstudiodev.Tests", "visualstudiodev.Tests\visualstudiodev.Tests.vbproj", "{3C7114B2-73B9-40DD-A73D-D03263CF648B}"
EndProject
Project("{FAE04EC0-301F-11D3-BF4B-00C04F79EFBC}") = "fb", "fb\fb.csproj", "{C68373BD-0F17-4241-9EB9-917C762FE254}"
EndProject
Project("{FAE04EC0-301F-11D3-BF4B-00C04F79EFBC}") = "fb.Tests", "fb.Tests\fb.Tests.csproj", "{846DEEEA-B638-439D-BD45-F87DAADC5896}"
EndProject
Global
	GlobalSection(SolutionConfigurationPlatforms) = preSolution
		Debug|Any CPU = Debug|Any CPU
		Release|Any CPU = Release|Any CPU
	EndGlobalSection
	GlobalSection(ProjectConfigurationPlatforms) = postSolution
		{874C689B-A27F-4A07-9F8F-B2B2B7D9D7B5}.Debug|Any CPU.ActiveCfg = Debug|Any CPU
		{874C689B-A27F-4A07-9F8F-B2B2B7D9D7B5}.Debug|Any CPU.Build.0 = Debug|Any CPU
		{874C689B-A27F-4A07-9F8F-B2B2B7D9D7B5}.Release|Any CPU.ActiveCfg = Release|Any CPU
		{874C689B-A27F-4A07-9F8F-B2B2B7D9D7B5}.Release|Any CPU.Build.0 = Release|Any CPU
		{3C7114B2-73B9-40DD-A73D-D03263CF648B}.Debug|Any CPU.ActiveCfg = Debug|Any CPU
		{3C7114B2-73B9-40DD-A73D-D03263CF648B}.Debug|Any CPU.Build.0 = Debug|Any CPU
		{3C7114B2-73B9-40DD-A73D-D03263CF648B}.Release|Any CPU.ActiveCfg = Release|Any CPU
		{3C7114B2-73B9-40DD-A73D-D03263CF648B}.Release|Any CPU.Build.0 = Release|Any CPU
		{C68373BD-0F17-4241-9EB9-917C762FE254}.Debug|Any CPU.ActiveCfg = Debug|Any CPU
		{C68373BD-0F17-4241-9EB9-917C762FE254}.Debug|Any CPU.Build.0 = Debug|Any CPU
		{C68373BD-0F17-4241-9EB9-917C762FE254}.Release|Any CPU.ActiveCfg = Release|Any CPU
		{C68373BD-0F17-4241-9EB9-917C762FE254}.Release|Any CPU.Build.0 = Release|Any CPU
		{846DEEEA-B638-439D-BD45-F87DAADC5896}.Debug|Any CPU.ActiveCfg = Debug|Any CPU
		{846DEEEA-B638-439D-BD45-F87DAADC5896}.Debug|Any CPU.Build.0 = Debug|Any CPU
		{846DEEEA-B638-439D-BD45-F87DAADC5896}.Release|Any CPU.ActiveCfg = Release|Any CPU
		{846DEEEA-B638-439D-BD45-F87DAADC5896}.Release|Any CPU.Build.0 = Release|Any CPU
	EndGlobalSection
	GlobalSection(SolutionProperties) = preSolution
		HideSolutionNode = FALSE
	EndGlobalSection
EndGlobal
